Microsoft Visual Studio Solution File, Format Version 11.00
# Visual Studio 2008

Project("{973E1696-CF3D-6255-0F02-B29212A05082}") = "ThroneRoom1.3", "Assembly-CSharp.csproj", "{C53FD76D-C511-D7F7-02CE-50F13FBFD30B}"
EndProject
Project("{973E1696-CF3D-6255-0F02-B29212A05082}") = "ThroneRoom1.3", "Assembly-UnityScript.unityproj", "{0C30F50D-1D36-F0E0-AA89-421F5E1ACC62}"
EndProject
Global
	GlobalSection(SolutionConfigurationPlatforms) = preSolution
		Debug|Any CPU = Debug|Any CPU
		Release|Any CPU = Release|Any CPU
	EndGlobalSection
	GlobalSection(ProjectConfigurationPlatforms) = postSolution
		{C53FD76D-C511-D7F7-02CE-50F13FBFD30B}.Debug|Any CPU.ActiveCfg = Debug|Any CPU
		{C53FD76D-C511-D7F7-02CE-50F13FBFD30B}.Debug|Any CPU.Build.0 = Debug|Any CPU
		{C53FD76D-C511-D7F7-02CE-50F13FBFD30B}.Release|Any CPU.ActiveCfg = Release|Any CPU
		{C53FD76D-C511-D7F7-02CE-50F13FBFD30B}.Release|Any CPU.Build.0 = Release|Any CPU
		{0C30F50D-1D36-F0E0-AA89-421F5E1ACC62}.Debug|Any CPU.ActiveCfg = Debug|Any CPU
		{0C30F50D-1D36-F0E0-AA89-421F5E1ACC62}.Debug|Any CPU.Build.0 = Debug|Any CPU
		{0C30F50D-1D36-F0E0-AA89-421F5E1ACC62}.Release|Any CPU.ActiveCfg = Release|Any CPU
		{0C30F50D-1D36-F0E0-AA89-421F5E1ACC62}.Release|Any CPU.Build.0 = Release|Any CPU
	EndGlobalSection
	GlobalSection(SolutionProperties) = preSolution
		HideSolutionNode = FALSE
	EndGlobalSection
																	GlobalSection(MonoDevelopProperties) = preSolution
		StartupItem = Assembly-CSharp.csproj
		Policies = $0
		$0.TextStylePolicy = $1
		$1.inheritsSet = null
		$1.scope = text/x-csharp
		$0.CSharpFormattingPolicy = $2
		$2.inheritsSet = Mono
		$2.inheritsScope = text/x-csharp
		$2.scope = text/x-csharp
		$0.TextStylePolicy = $3
		$3.FileWidth = 120
		$3.TabWidth = 4
		$3.IndentWidth = 4
		$3.EolMarker = Unix
		$3.inheritsSet = Mono
		$3.inheritsScope = text/plain
		$3.scope = text/plain
	EndGlobalSection

EndGlobal
