Microsoft Visual Studio Solution File, Format Version 11.00
# Visual Studio 2008

Project("{77A81DF3-822D-B05C-D952-F20A0B7C2F96}") = "ThroneRoom", "Assembly-CSharp-firstpass-vs.csproj", "{9A1FA596-1C46-7882-CCA7-F984B4170707}"
EndProject
Project("{77A81DF3-822D-B05C-D952-F20A0B7C2F96}") = "ThroneRoom", "Assembly-CSharp-vs.csproj", "{A118E24D-0EC8-5FE7-5842-AFF5B6942F61}"
EndProject
Project("{77A81DF3-822D-B05C-D952-F20A0B7C2F96}") = "ThroneRoom", "Assembly-CSharp-Editor-vs.csproj", "{15D04625-17C5-D19B-3FAC-7A08B2C4992C}"
EndProject
Global
	GlobalSection(SolutionConfigurationPlatforms) = preSolution
		Debug|Any CPU = Debug|Any CPU
		Release|Any CPU = Release|Any CPU
	EndGlobalSection
	GlobalSection(ProjectConfigurationPlatforms) = postSolution
		{9A1FA596-1C46-7882-CCA7-F984B4170707}.Debug|Any CPU.ActiveCfg = Debug|Any CPU
		{9A1FA596-1C46-7882-CCA7-F984B4170707}.Debug|Any CPU.Build.0 = Debug|Any CPU
		{9A1FA596-1C46-7882-CCA7-F984B4170707}.Release|Any CPU.ActiveCfg = Release|Any CPU
		{9A1FA596-1C46-7882-CCA7-F984B4170707}.Release|Any CPU.Build.0 = Release|Any CPU
		{A118E24D-0EC8-5FE7-5842-AFF5B6942F61}.Debug|Any CPU.ActiveCfg = Debug|Any CPU
		{A118E24D-0EC8-5FE7-5842-AFF5B6942F61}.Debug|Any CPU.Build.0 = Debug|Any CPU
		{A118E24D-0EC8-5FE7-5842-AFF5B6942F61}.Release|Any CPU.ActiveCfg = Release|Any CPU
		{A118E24D-0EC8-5FE7-5842-AFF5B6942F61}.Release|Any CPU.Build.0 = Release|Any CPU
		{15D04625-17C5-D19B-3FAC-7A08B2C4992C}.Debug|Any CPU.ActiveCfg = Debug|Any CPU
		{15D04625-17C5-D19B-3FAC-7A08B2C4992C}.Debug|Any CPU.Build.0 = Debug|Any CPU
		{15D04625-17C5-D19B-3FAC-7A08B2C4992C}.Release|Any CPU.ActiveCfg = Release|Any CPU
		{15D04625-17C5-D19B-3FAC-7A08B2C4992C}.Release|Any CPU.Build.0 = Release|Any CPU
	EndGlobalSection
	GlobalSection(SolutionProperties) = preSolution
		HideSolutionNode = FALSE
	EndGlobalSection
																																GlobalSection(MonoDevelopProperties) = preSolution
		StartupItem = Assembly-CSharp.csproj
		Policies = $0
		$0.TextStylePolicy = $1
		$1.inheritsSet = null
		$1.scope = text/x-csharp
		$0.CSharpFormattingPolicy = $2
		$2.inheritsSet = Mono
		$2.inheritsScope = text/x-csharp
		$2.scope = text/x-csharp
		$0.TextStylePolicy = $3
		$3.FileWidth = 120
		$3.TabWidth = 4
		$3.IndentWidth = 4
		$3.EolMarker = Unix
		$3.inheritsSet = Mono
		$3.inheritsScope = text/plain
		$3.scope = text/plain
	EndGlobalSection

EndGlobal
